
Microsoft Visual Studio Solution File, Format Version 12.00
# Visual Studio Version 17
VisualStudioVersion = 17.7.34221.43
MinimumVisualStudioVersion = 10.0.40219.1
Project("{FAE04EC0-301F-11D3-BF4B-00C04F79EFBC}") = "gittest", "gittest.csproj", "{2D3AD432-7501-46F4-A175-50C60D779FCF}"
EndProject
Global
	GlobalSection(SolutionConfigurationPlatforms) = preSolution
		Debug|Any CPU = Debug|Any CPU
		Release|Any CPU = Release|Any CPU
	EndGlobalSection
	GlobalSection(ProjectConfigurationPlatforms) = postSolution
		{2D3AD432-7501-46F4-A175-50C60D779FCF}.Debug|Any CPU.ActiveCfg = Debug|Any CPU
		{2D3AD432-7501-46F4-A175-50C60D779FCF}.Debug|Any CPU.Build.0 = Debug|Any CPU
		{2D3AD432-7501-46F4-A175-50C60D779FCF}.Release|Any CPU.ActiveCfg = Release|Any CPU
		{2D3AD432-7501-46F4-A175-50C60D779FCF}.Release|Any CPU.Build.0 = Release|Any CPU
	EndGlobalSection
	GlobalSection(SolutionProperties) = preSolution
		HideSolutionNode = FALSE
	EndGlobalSection
	GlobalSection(ExtensibilityGlobals) = postSolution
		SolutionGuid = {C2AF31C0-7A4C-4CDC-BD9F-A66BC4744F5A}
	EndGlobalSection
EndGlobal
